{
  "name": "hello-ralph",
  "version": "1.0.1",
  "lockfileVersion": 1,
  "requires": true,
  "dependencies": {
    "namefully": {
      "version": "1.0.5",
      "resolved": "https://registry.npmjs.org/namefully/-/namefully-1.0.5.tgz",
      "integrity": "sha512-Q7oDQ+Kc4o0fa1ImlnHMqeBEEr62vgCCd8OkKqP8/BiJmV2w+sXVK2/9ULhwspUC2FGDvbwEAp8MjRrrZJjbuQ=="
    }
  }
}
