{
  "name": "hello-ralph",
  "version": "1.0.5",
  "lockfileVersion": 1,
  "requires": true,
  "dependencies": {
    "namefully": {
      "version": "1.0.9",
      "resolved": "https://registry.npmjs.org/namefully/-/namefully-1.0.9.tgz",
      "integrity": "sha512-sO6DQhC1JAxdB+agpz5qOGy3UHoN0z1EAsRXcPsqGuMQ+LT0iuiLe5bFgotDqUKvdagj4lhbVZI18n6SQocAAA=="
    },
    "tslib": {
      "version": "1.11.1",
      "resolved": "https://registry.npmjs.org/tslib/-/tslib-1.11.1.tgz",
      "integrity": "sha512-aZW88SY8kQbU7gpV19lN24LtXh/yD4ZZg6qieAJDDg+YBsJcSmLGK9QpnUjAKVG/xefmvJGd1WUmfpT/g6AJGA==",
      "dev": true
    }
  }
}
